
Microsoft Visual Studio Solution File, Format Version 12.00
# Visual Studio Version 16
VisualStudioVersion = 16.0.30804.86
MinimumVisualStudioVersion = 10.0.40219.1
Project("{FAE04EC0-301F-11D3-BF4B-00C04F79EFBC}") = "Api.App", "Api.App.csproj", "{046B8FAE-1C88-41DD-9674-9B1E64A6169C}"
EndProject
Global
	GlobalSection(SolutionConfigurationPlatforms) = preSolution
		Debug|Any CPU = Debug|Any CPU
		Release|Any CPU = Release|Any CPU
	EndGlobalSection
	GlobalSection(ProjectConfigurationPlatforms) = postSolution
		{046B8FAE-1C88-41DD-9674-9B1E64A6169C}.Debug|Any CPU.ActiveCfg = Debug|Any CPU
		{046B8FAE-1C88-41DD-9674-9B1E64A6169C}.Debug|Any CPU.Build.0 = Debug|Any CPU
		{046B8FAE-1C88-41DD-9674-9B1E64A6169C}.Release|Any CPU.ActiveCfg = Release|Any CPU
		{046B8FAE-1C88-41DD-9674-9B1E64A6169C}.Release|Any CPU.Build.0 = Release|Any CPU
	EndGlobalSection
	GlobalSection(SolutionProperties) = preSolution
		HideSolutionNode = FALSE
	EndGlobalSection
	GlobalSection(ExtensibilityGlobals) = postSolution
		SolutionGuid = {5D1D69FC-0E17-4C54-89B6-F350755E37C1}
	EndGlobalSection
EndGlobal
